
Microsoft Visual Studio Solution File, Format Version 12.00
# Visual Studio Version 17
VisualStudioVersion = 17.12.35707.178 d17.12
MinimumVisualStudioVersion = 10.0.40219.1
Project("{8BC9CEB8-8B4A-11D0-8D11-00A0C91BC942}") = "CudaCore", "CudaCore\CudaCore.vcxproj", "{BEAE07B0-734F-4061-8950-7771630A9569}"
	ProjectSection(ProjectDependencies) = postProject
		{45E2BCB1-0517-4B19-859B-ACF9D2102B43} = {45E2BCB1-0517-4B19-859B-ACF9D2102B43}
	EndProjectSection
EndProject
Project("{8BC9CEB8-8B4A-11D0-8D11-00A0C91BC942}") = "CudaCore_Test", "CudaCore_Test\CudaCore_Test.vcxproj", "{86CF1330-4964-4E85-8EF5-FDE513DD401A}"
EndProject
Project("{8BC9CEB8-8B4A-11D0-8D11-00A0C91BC942}") = "WinAppCore", "WinAppCore\WinAppCore.vcxproj", "{45E2BCB1-0517-4B19-859B-ACF9D2102B43}"
EndProject
Global
	GlobalSection(SolutionConfigurationPlatforms) = preSolution
		Debug|x64 = Debug|x64
		Debug|x86 = Debug|x86
		Release|x64 = Release|x64
		Release|x86 = Release|x86
	EndGlobalSection
	GlobalSection(ProjectConfigurationPlatforms) = postSolution
		{BEAE07B0-734F-4061-8950-7771630A9569}.Debug|x64.ActiveCfg = Debug|x64
		{BEAE07B0-734F-4061-8950-7771630A9569}.Debug|x64.Build.0 = Debug|x64
		{BEAE07B0-734F-4061-8950-7771630A9569}.Debug|x86.ActiveCfg = Debug|Win32
		{BEAE07B0-734F-4061-8950-7771630A9569}.Debug|x86.Build.0 = Debug|Win32
		{BEAE07B0-734F-4061-8950-7771630A9569}.Release|x64.ActiveCfg = Release|x64
		{BEAE07B0-734F-4061-8950-7771630A9569}.Release|x64.Build.0 = Release|x64
		{BEAE07B0-734F-4061-8950-7771630A9569}.Release|x86.ActiveCfg = Release|Win32
		{BEAE07B0-734F-4061-8950-7771630A9569}.Release|x86.Build.0 = Release|Win32
		{86CF1330-4964-4E85-8EF5-FDE513DD401A}.Debug|x64.ActiveCfg = Debug|x64
		{86CF1330-4964-4E85-8EF5-FDE513DD401A}.Debug|x64.Build.0 = Debug|x64
		{86CF1330-4964-4E85-8EF5-FDE513DD401A}.Debug|x86.ActiveCfg = Debug|Win32
		{86CF1330-4964-4E85-8EF5-FDE513DD401A}.Debug|x86.Build.0 = Debug|Win32
		{86CF1330-4964-4E85-8EF5-FDE513DD401A}.Release|x64.ActiveCfg = Release|x64
		{86CF1330-4964-4E85-8EF5-FDE513DD401A}.Release|x64.Build.0 = Release|x64
		{86CF1330-4964-4E85-8EF5-FDE513DD401A}.Release|x86.ActiveCfg = Release|Win32
		{86CF1330-4964-4E85-8EF5-FDE513DD401A}.Release|x86.Build.0 = Release|Win32
		{45E2BCB1-0517-4B19-859B-ACF9D2102B43}.Debug|x64.ActiveCfg = Debug|x64
		{45E2BCB1-0517-4B19-859B-ACF9D2102B43}.Debug|x64.Build.0 = Debug|x64
		{45E2BCB1-0517-4B19-859B-ACF9D2102B43}.Debug|x86.ActiveCfg = Debug|Win32
		{45E2BCB1-0517-4B19-859B-ACF9D2102B43}.Debug|x86.Build.0 = Debug|Win32
		{45E2BCB1-0517-4B19-859B-ACF9D2102B43}.Release|x64.ActiveCfg = Release|x64
		{45E2BCB1-0517-4B19-859B-ACF9D2102B43}.Release|x64.Build.0 = Release|x64
		{45E2BCB1-0517-4B19-859B-ACF9D2102B43}.Release|x86.ActiveCfg = Release|Win32
		{45E2BCB1-0517-4B19-859B-ACF9D2102B43}.Release|x86.Build.0 = Release|Win32
	EndGlobalSection
	GlobalSection(SolutionProperties) = preSolution
		HideSolutionNode = FALSE
	EndGlobalSection
EndGlobal
